
Microsoft Visual Studio Solution File, Format Version 12.00
# Visual Studio Version 16
VisualStudioVersion = 16.0.30406.217
MinimumVisualStudioVersion = 10.0.40219.1
Project("{8BC9CEB8-8B4A-11D0-8D11-00A0C91BC942}") = "Detours", "Detours\Detours.vcxitems", "{98ADFD4D-5AF1-40C7-B790-D8A1D7F1D498}"
EndProject
Project("{8BC9CEB8-8B4A-11D0-8D11-00A0C91BC942}") = "ProcessUtils", "ProcessUtils\ProcessUtils.vcxitems", "{5CC106A1-6209-45F1-B5F5-B0E6696218D0}"
EndProject
Project("{8BC9CEB8-8B4A-11D0-8D11-00A0C91BC942}") = "HookLib", "HookLib\HookLib.vcxproj", "{EE16152F-396E-4CEC-8490-4B074C9EFA89}"
EndProject
Project("{8BC9CEB8-8B4A-11D0-8D11-00A0C91BC942}") = "Test", "Test\Test.vcxproj", "{F3F4DCD6-2BC3-4700-B2F9-0020E9E18DDA}"
EndProject
Global
	GlobalSection(SharedMSBuildProjectFiles) = preSolution
		ProcessUtils\ProcessUtils.vcxitems*{5cc106a1-6209-45f1-b5f5-b0e6696218d0}*SharedItemsImports = 9
		Detours\Detours.vcxitems*{98adfd4d-5af1-40c7-b790-d8a1d7f1d498}*SharedItemsImports = 9
		ProcessUtils\ProcessUtils.vcxitems*{ee16152f-396e-4cec-8490-4b074c9efa89}*SharedItemsImports = 4
	EndGlobalSection
	GlobalSection(SolutionConfigurationPlatforms) = preSolution
		Debug|x64 = Debug|x64
		Debug|x86 = Debug|x86
		Release|x64 = Release|x64
		Release|x86 = Release|x86
	EndGlobalSection
	GlobalSection(ProjectConfigurationPlatforms) = postSolution
		{EE16152F-396E-4CEC-8490-4B074C9EFA89}.Debug|x64.ActiveCfg = Debug|x64
		{EE16152F-396E-4CEC-8490-4B074C9EFA89}.Debug|x64.Build.0 = Debug|x64
		{EE16152F-396E-4CEC-8490-4B074C9EFA89}.Debug|x86.ActiveCfg = Debug|Win32
		{EE16152F-396E-4CEC-8490-4B074C9EFA89}.Debug|x86.Build.0 = Debug|Win32
		{EE16152F-396E-4CEC-8490-4B074C9EFA89}.Release|x64.ActiveCfg = Release|x64
		{EE16152F-396E-4CEC-8490-4B074C9EFA89}.Release|x64.Build.0 = Release|x64
		{EE16152F-396E-4CEC-8490-4B074C9EFA89}.Release|x86.ActiveCfg = Release|Win32
		{EE16152F-396E-4CEC-8490-4B074C9EFA89}.Release|x86.Build.0 = Release|Win32
		{F3F4DCD6-2BC3-4700-B2F9-0020E9E18DDA}.Debug|x64.ActiveCfg = Debug|x64
		{F3F4DCD6-2BC3-4700-B2F9-0020E9E18DDA}.Debug|x64.Build.0 = Debug|x64
		{F3F4DCD6-2BC3-4700-B2F9-0020E9E18DDA}.Debug|x86.ActiveCfg = Debug|Win32
		{F3F4DCD6-2BC3-4700-B2F9-0020E9E18DDA}.Debug|x86.Build.0 = Debug|Win32
		{F3F4DCD6-2BC3-4700-B2F9-0020E9E18DDA}.Release|x64.ActiveCfg = Release|x64
		{F3F4DCD6-2BC3-4700-B2F9-0020E9E18DDA}.Release|x64.Build.0 = Release|x64
		{F3F4DCD6-2BC3-4700-B2F9-0020E9E18DDA}.Release|x86.ActiveCfg = Release|Win32
		{F3F4DCD6-2BC3-4700-B2F9-0020E9E18DDA}.Release|x86.Build.0 = Release|Win32
	EndGlobalSection
	GlobalSection(SolutionProperties) = preSolution
		HideSolutionNode = FALSE
	EndGlobalSection
	GlobalSection(ExtensibilityGlobals) = postSolution
		SolutionGuid = {183C3A3B-98B0-403D-A3B2-027B16F187BC}
	EndGlobalSection
EndGlobal
